
Microsoft Visual Studio Solution File, Format Version 12.00
# Visual Studio Version 17
VisualStudioVersion = 17.9.34701.34
MinimumVisualStudioVersion = 10.0.40219.1
Project("{2150E333-8FDC-42A3-9474-1A3956D46DE8}") = "Solution Items", "Solution Items", "{84289DF9-1DA9-4432-8435-7EB892B15CC7}"
	ProjectSection(SolutionItems) = preProject
		..\.github\workflows\build.yml = ..\.github\workflows\build.yml
	EndProjectSection
EndProject
Project("{9A19103F-16F7-4668-BE54-9A1E7A4F7556}") = "DDDCart.API", "DDDCart.API.csproj", "{687CF078-9342-46DD-9822-1D4D7A26C18F}"
EndProject
Global
	GlobalSection(SolutionConfigurationPlatforms) = preSolution
		Debug|Any CPU = Debug|Any CPU
		Release|Any CPU = Release|Any CPU
	EndGlobalSection
	GlobalSection(ProjectConfigurationPlatforms) = postSolution
		{687CF078-9342-46DD-9822-1D4D7A26C18F}.Debug|Any CPU.ActiveCfg = Debug|Any CPU
		{687CF078-9342-46DD-9822-1D4D7A26C18F}.Debug|Any CPU.Build.0 = Debug|Any CPU
		{687CF078-9342-46DD-9822-1D4D7A26C18F}.Release|Any CPU.ActiveCfg = Release|Any CPU
		{687CF078-9342-46DD-9822-1D4D7A26C18F}.Release|Any CPU.Build.0 = Release|Any CPU
	EndGlobalSection
	GlobalSection(SolutionProperties) = preSolution
		HideSolutionNode = FALSE
	EndGlobalSection
	GlobalSection(ExtensibilityGlobals) = postSolution
		SolutionGuid = {47BDFDCD-CA91-407F-ADB9-9650FB85A345}
	EndGlobalSection
EndGlobal
