
Microsoft Visual Studio Solution File, Format Version 12.00
# Visual Studio Version 17
VisualStudioVersion = 17.9.34701.34
MinimumVisualStudioVersion = 10.0.40219.1
Project("{FAE04EC0-301F-11D3-BF4B-00C04F79EFBC}") = "DDDCart.API", "DDDCart.API\DDDCart.API.csproj", "{5CB53B2C-C613-48B1-984B-8F2022AC921C}"
EndProject
Project("{2150E333-8FDC-42A3-9474-1A3956D46DE8}") = "Solution Items", "Solution Items", "{84289DF9-1DA9-4432-8435-7EB892B15CC7}"
	ProjectSection(SolutionItems) = preProject
		..\.github\workflows\build.yml = ..\.github\workflows\build.yml
	EndProjectSection
EndProject
Global
	GlobalSection(SolutionConfigurationPlatforms) = preSolution
		Debug|Any CPU = Debug|Any CPU
		Release|Any CPU = Release|Any CPU
	EndGlobalSection
	GlobalSection(ProjectConfigurationPlatforms) = postSolution
		{5CB53B2C-C613-48B1-984B-8F2022AC921C}.Debug|Any CPU.ActiveCfg = Debug|Any CPU
		{5CB53B2C-C613-48B1-984B-8F2022AC921C}.Debug|Any CPU.Build.0 = Debug|Any CPU
		{5CB53B2C-C613-48B1-984B-8F2022AC921C}.Release|Any CPU.ActiveCfg = Release|Any CPU
		{5CB53B2C-C613-48B1-984B-8F2022AC921C}.Release|Any CPU.Build.0 = Release|Any CPU
	EndGlobalSection
	GlobalSection(SolutionProperties) = preSolution
		HideSolutionNode = FALSE
	EndGlobalSection
	GlobalSection(ExtensibilityGlobals) = postSolution
		SolutionGuid = {47BDFDCD-CA91-407F-ADB9-9650FB85A345}
	EndGlobalSection
EndGlobal
