
Microsoft Visual Studio Solution File, Format Version 12.00
# Visual Studio Version 17
VisualStudioVersion = 17.9.34701.34
MinimumVisualStudioVersion = 10.0.40219.1
Project("{9A19103F-16F7-4668-BE54-9A1E7A4F7556}") = "DDDCart.API", "DDDCart.API\DDDCart.API.csproj", "{5CB53B2C-C613-48B1-984B-8F2022AC921C}"
EndProject
Project("{2150E333-8FDC-42A3-9474-1A3956D46DE8}") = "Solution Items", "Solution Items", "{84289DF9-1DA9-4432-8435-7EB892B15CC7}"
	ProjectSection(SolutionItems) = preProject
		..\.github\workflows\build.yml = ..\.github\workflows\build.yml
	EndProjectSection
EndProject
Project("{9A19103F-16F7-4668-BE54-9A1E7A4F7556}") = "DDDCart.Domain", "DDDCart.Domain\DDDCart.Domain.csproj", "{D2AC62AF-F311-45EC-A354-4F338B3FF26A}"
EndProject
Project("{9A19103F-16F7-4668-BE54-9A1E7A4F7556}") = "DDDCart.Infrastructure", "DDDCart.Infrastructure\DDDCart.Infrastructure.csproj", "{9C2E4A48-9C9B-4A8B-90A2-BDBB4F72BD2A}"
EndProject
Project("{9A19103F-16F7-4668-BE54-9A1E7A4F7556}") = "DDDCart.Domain.UnitTests", "DDDCart.Domain.UnitTests\DDDCart.Domain.UnitTests.csproj", "{F86533B9-ED6A-47ED-A1AD-DA4763E533C5}"
EndProject
Project("{2150E333-8FDC-42A3-9474-1A3956D46DE8}") = "Cart", "Cart", "{1BD6359F-0D9F-411E-9A3F-71343714C112}"
EndProject
Project("{2150E333-8FDC-42A3-9474-1A3956D46DE8}") = "Tests", "Tests", "{6892F93F-D980-418B-9087-E248F6AF9453}"
EndProject
Global
	GlobalSection(SolutionConfigurationPlatforms) = preSolution
		Debug|Any CPU = Debug|Any CPU
		Release|Any CPU = Release|Any CPU
	EndGlobalSection
	GlobalSection(ProjectConfigurationPlatforms) = postSolution
		{5CB53B2C-C613-48B1-984B-8F2022AC921C}.Debug|Any CPU.ActiveCfg = Debug|Any CPU
		{5CB53B2C-C613-48B1-984B-8F2022AC921C}.Debug|Any CPU.Build.0 = Debug|Any CPU
		{5CB53B2C-C613-48B1-984B-8F2022AC921C}.Release|Any CPU.ActiveCfg = Release|Any CPU
		{5CB53B2C-C613-48B1-984B-8F2022AC921C}.Release|Any CPU.Build.0 = Release|Any CPU
		{D2AC62AF-F311-45EC-A354-4F338B3FF26A}.Debug|Any CPU.ActiveCfg = Debug|Any CPU
		{D2AC62AF-F311-45EC-A354-4F338B3FF26A}.Debug|Any CPU.Build.0 = Debug|Any CPU
		{D2AC62AF-F311-45EC-A354-4F338B3FF26A}.Release|Any CPU.ActiveCfg = Release|Any CPU
		{D2AC62AF-F311-45EC-A354-4F338B3FF26A}.Release|Any CPU.Build.0 = Release|Any CPU
		{9C2E4A48-9C9B-4A8B-90A2-BDBB4F72BD2A}.Debug|Any CPU.ActiveCfg = Debug|Any CPU
		{9C2E4A48-9C9B-4A8B-90A2-BDBB4F72BD2A}.Debug|Any CPU.Build.0 = Debug|Any CPU
		{9C2E4A48-9C9B-4A8B-90A2-BDBB4F72BD2A}.Release|Any CPU.ActiveCfg = Release|Any CPU
		{9C2E4A48-9C9B-4A8B-90A2-BDBB4F72BD2A}.Release|Any CPU.Build.0 = Release|Any CPU
		{F86533B9-ED6A-47ED-A1AD-DA4763E533C5}.Debug|Any CPU.ActiveCfg = Debug|Any CPU
		{F86533B9-ED6A-47ED-A1AD-DA4763E533C5}.Debug|Any CPU.Build.0 = Debug|Any CPU
		{F86533B9-ED6A-47ED-A1AD-DA4763E533C5}.Release|Any CPU.ActiveCfg = Release|Any CPU
		{F86533B9-ED6A-47ED-A1AD-DA4763E533C5}.Release|Any CPU.Build.0 = Release|Any CPU
	EndGlobalSection
	GlobalSection(SolutionProperties) = preSolution
		HideSolutionNode = FALSE
	EndGlobalSection
	GlobalSection(NestedProjects) = preSolution
		{5CB53B2C-C613-48B1-984B-8F2022AC921C} = {1BD6359F-0D9F-411E-9A3F-71343714C112}
		{D2AC62AF-F311-45EC-A354-4F338B3FF26A} = {1BD6359F-0D9F-411E-9A3F-71343714C112}
		{9C2E4A48-9C9B-4A8B-90A2-BDBB4F72BD2A} = {1BD6359F-0D9F-411E-9A3F-71343714C112}
		{F86533B9-ED6A-47ED-A1AD-DA4763E533C5} = {6892F93F-D980-418B-9087-E248F6AF9453}
		{6892F93F-D980-418B-9087-E248F6AF9453} = {1BD6359F-0D9F-411E-9A3F-71343714C112}
	EndGlobalSection
	GlobalSection(ExtensibilityGlobals) = postSolution
		SolutionGuid = {47BDFDCD-CA91-407F-ADB9-9650FB85A345}
	EndGlobalSection
EndGlobal
